
Microsoft Visual Studio Solution File, Format Version 12.00
# Visual Studio Version 16
VisualStudioVersion = 16.0.30002.166
MinimumVisualStudioVersion = 10.0.40219.1
Project("{FAE04EC0-301F-11D3-BF4B-00C04F79EFBC}") = "ConsoleFilesDirectories", "ConsoleFilesDirectories.csproj", "{AAE22DA4-42C0-48E7-8FA3-1348A5F50A6B}"
EndProject
Global
	GlobalSection(SolutionConfigurationPlatforms) = preSolution
		Debug|Any CPU = Debug|Any CPU
		Release|Any CPU = Release|Any CPU
	EndGlobalSection
	GlobalSection(ProjectConfigurationPlatforms) = postSolution
		{AAE22DA4-42C0-48E7-8FA3-1348A5F50A6B}.Debug|Any CPU.ActiveCfg = Debug|Any CPU
		{AAE22DA4-42C0-48E7-8FA3-1348A5F50A6B}.Debug|Any CPU.Build.0 = Debug|Any CPU
		{AAE22DA4-42C0-48E7-8FA3-1348A5F50A6B}.Release|Any CPU.ActiveCfg = Release|Any CPU
		{AAE22DA4-42C0-48E7-8FA3-1348A5F50A6B}.Release|Any CPU.Build.0 = Release|Any CPU
	EndGlobalSection
	GlobalSection(SolutionProperties) = preSolution
		HideSolutionNode = FALSE
	EndGlobalSection
	GlobalSection(ExtensibilityGlobals) = postSolution
		SolutionGuid = {8A3FECC1-AA20-4431-933B-798FD7DDAC7A}
	EndGlobalSection
EndGlobal
